
Microsoft Visual Studio Solution File, Format Version 12.00
# Visual Studio 15
Project("{FAE04EC0-301F-11D3-BF4B-00C04F79EFBC}") = "FlightControlWeb", "FlightControlWeb\FlightControlWeb.csproj", "{F808BEFD-B3C2-4025-9CA3-E57DB112A548}"
EndProject
Project("{FAE04EC0-301F-11D3-BF4B-00C04F79EFBC}") = "FlightControlWeb.Tests", "FlightControlWeb.Tests\FlightControlWeb.Tests.csproj", "{1B97A493-CDEB-4DE0-AA3F-3E329F77E322}"
EndProject
Global
	GlobalSection(SolutionConfigurationPlatforms) = preSolution
		Debug|Any CPU = Debug|Any CPU
		Release|Any CPU = Release|Any CPU
	EndGlobalSection
	GlobalSection(ProjectConfigurationPlatforms) = postSolution
		{F808BEFD-B3C2-4025-9CA3-E57DB112A548}.Debug|Any CPU.ActiveCfg = Debug|Any CPU
		{F808BEFD-B3C2-4025-9CA3-E57DB112A548}.Debug|Any CPU.Build.0 = Debug|Any CPU
		{F808BEFD-B3C2-4025-9CA3-E57DB112A548}.Release|Any CPU.ActiveCfg = Release|Any CPU
		{F808BEFD-B3C2-4025-9CA3-E57DB112A548}.Release|Any CPU.Build.0 = Release|Any CPU
		{1B97A493-CDEB-4DE0-AA3F-3E329F77E322}.Debug|Any CPU.ActiveCfg = Debug|Any CPU
		{1B97A493-CDEB-4DE0-AA3F-3E329F77E322}.Debug|Any CPU.Build.0 = Debug|Any CPU
		{1B97A493-CDEB-4DE0-AA3F-3E329F77E322}.Release|Any CPU.ActiveCfg = Release|Any CPU
		{1B97A493-CDEB-4DE0-AA3F-3E329F77E322}.Release|Any CPU.Build.0 = Release|Any CPU
	EndGlobalSection
EndGlobal
